
Microsoft Visual Studio Solution File, Format Version 12.00
# Visual Studio Version 17
VisualStudioVersion = 17.14.36202.13 d17.14
MinimumVisualStudioVersion = 10.0.40219.1
Project("{FAE04EC0-301F-11D3-BF4B-00C04F79EFBC}") = "MatematikaLibraries", "MatematikaLibraries\MatematikaLibraries.csproj", "{7BAB0FFB-477F-4132-8700-3E4285AEFF81}"
EndProject
Project("{FAE04EC0-301F-11D3-BF4B-00C04F79EFBC}") = "MainApplication", "MainApplication\MainApplication.csproj", "{8E089E4F-E72E-484D-BD2C-A578495FC182}"
EndProject
Global
	GlobalSection(SolutionConfigurationPlatforms) = preSolution
		Debug|Any CPU = Debug|Any CPU
		Release|Any CPU = Release|Any CPU
	EndGlobalSection
	GlobalSection(ProjectConfigurationPlatforms) = postSolution
		{7BAB0FFB-477F-4132-8700-3E4285AEFF81}.Debug|Any CPU.ActiveCfg = Debug|Any CPU
		{7BAB0FFB-477F-4132-8700-3E4285AEFF81}.Debug|Any CPU.Build.0 = Debug|Any CPU
		{7BAB0FFB-477F-4132-8700-3E4285AEFF81}.Release|Any CPU.ActiveCfg = Release|Any CPU
		{7BAB0FFB-477F-4132-8700-3E4285AEFF81}.Release|Any CPU.Build.0 = Release|Any CPU
		{8E089E4F-E72E-484D-BD2C-A578495FC182}.Debug|Any CPU.ActiveCfg = Debug|Any CPU
		{8E089E4F-E72E-484D-BD2C-A578495FC182}.Debug|Any CPU.Build.0 = Debug|Any CPU
		{8E089E4F-E72E-484D-BD2C-A578495FC182}.Release|Any CPU.ActiveCfg = Release|Any CPU
		{8E089E4F-E72E-484D-BD2C-A578495FC182}.Release|Any CPU.Build.0 = Release|Any CPU
	EndGlobalSection
	GlobalSection(SolutionProperties) = preSolution
		HideSolutionNode = FALSE
	EndGlobalSection
	GlobalSection(ExtensibilityGlobals) = postSolution
		SolutionGuid = {ECB13B97-3949-4E9D-8320-915FC7AC92AB}
	EndGlobalSection
EndGlobal
